
Microsoft Visual Studio Solution File, Format Version 12.00
# Visual Studio 15
VisualStudioVersion = 15.0.33026.149
MinimumVisualStudioVersion = 10.0.40219.1
Project("{FAE04EC0-301F-11D3-BF4B-00C04F79EFBC}") = "PracticaOnce-ejer-01", "PracticaOnce-ejer-01\PracticaOnce-ejer-01.csproj", "{716A5259-ECA8-4063-8E06-E49EF1EEA054}"
EndProject
Global
	GlobalSection(SolutionConfigurationPlatforms) = preSolution
		Debug|Any CPU = Debug|Any CPU
		Release|Any CPU = Release|Any CPU
	EndGlobalSection
	GlobalSection(ProjectConfigurationPlatforms) = postSolution
		{716A5259-ECA8-4063-8E06-E49EF1EEA054}.Debug|Any CPU.ActiveCfg = Debug|Any CPU
		{716A5259-ECA8-4063-8E06-E49EF1EEA054}.Debug|Any CPU.Build.0 = Debug|Any CPU
		{716A5259-ECA8-4063-8E06-E49EF1EEA054}.Release|Any CPU.ActiveCfg = Release|Any CPU
		{716A5259-ECA8-4063-8E06-E49EF1EEA054}.Release|Any CPU.Build.0 = Release|Any CPU
	EndGlobalSection
	GlobalSection(SolutionProperties) = preSolution
		HideSolutionNode = FALSE
	EndGlobalSection
	GlobalSection(ExtensibilityGlobals) = postSolution
		SolutionGuid = {C887EDF0-B776-4B25-88F8-0C7E24183569}
	EndGlobalSection
EndGlobal
